
Microsoft Visual Studio Solution File, Format Version 12.00
# Visual Studio Version 17
VisualStudioVersion = 17.14.36221.1
MinimumVisualStudioVersion = 10.0.40219.1
Project("{FAE04EC0-301F-11D3-BF4B-00C04F79EFBC}") = "MyPage.Client", "MyPage.Client.csproj", "{7D25405B-C7B4-A9E5-2B13-8445B9C79EEE}"
EndProject
Project("{FAE04EC0-301F-11D3-BF4B-00C04F79EFBC}") = "MyPage.Functions", "..\MyPage.Functions\MyPage.Functions.csproj", "{32D4481E-5DFC-482C-83D9-4FC1D408D7A4}"
EndProject
Global
	GlobalSection(SolutionConfigurationPlatforms) = preSolution
		Debug|Any CPU = Debug|Any CPU
		Release|Any CPU = Release|Any CPU
	EndGlobalSection
	GlobalSection(ProjectConfigurationPlatforms) = postSolution
		{7D25405B-C7B4-A9E5-2B13-8445B9C79EEE}.Debug|Any CPU.ActiveCfg = Debug|Any CPU
		{7D25405B-C7B4-A9E5-2B13-8445B9C79EEE}.Debug|Any CPU.Build.0 = Debug|Any CPU
		{7D25405B-C7B4-A9E5-2B13-8445B9C79EEE}.Release|Any CPU.ActiveCfg = Release|Any CPU
		{7D25405B-C7B4-A9E5-2B13-8445B9C79EEE}.Release|Any CPU.Build.0 = Release|Any CPU
		{32D4481E-5DFC-482C-83D9-4FC1D408D7A4}.Debug|Any CPU.ActiveCfg = Debug|Any CPU
		{32D4481E-5DFC-482C-83D9-4FC1D408D7A4}.Debug|Any CPU.Build.0 = Debug|Any CPU
		{32D4481E-5DFC-482C-83D9-4FC1D408D7A4}.Release|Any CPU.ActiveCfg = Release|Any CPU
		{32D4481E-5DFC-482C-83D9-4FC1D408D7A4}.Release|Any CPU.Build.0 = Release|Any CPU
	EndGlobalSection
	GlobalSection(SolutionProperties) = preSolution
		HideSolutionNode = FALSE
	EndGlobalSection
	GlobalSection(ExtensibilityGlobals) = postSolution
		SolutionGuid = {F50F22D1-3BBF-469F-8052-9457A3BCFB7E}
	EndGlobalSection
EndGlobal
